// !$*UTF8*$!
{
	archiveVersion = 1;
	classes = {
	};
	objectVersion = 50;
	objects = {

/* Begin PBXBuildFile section */
		F753AE1921C49D7500D0D6BC /* AppDelegate.swift in Sources */ = {isa = PBXBuildFile; fileRef = F753AE1821C49D7500D0D6BC /* AppDelegate.swift */; };
		F753AE1B21C49D7500D0D6BC /* ViewController.swift in Sources */ = {isa = PBXBuildFile; fileRef = F753AE1A21C49D7500D0D6BC /* ViewController.swift */; };
		F753AE1E21C49D7500D0D6BC /* Main.storyboard in Resources */ = {isa = PBXBuildFile; fileRef = F753AE1C21C49D7500D0D6BC /* Main.storyboard */; };
		F753AE2021C49D7600D0D6BC /* Assets.xcassets in Resources */ = {isa = PBXBuildFile; fileRef = F753AE1F21C49D7600D0D6BC /* Assets.xcassets */; };
		F753AE2321C49D7600D0D6BC /* LaunchScreen.storyboard in Resources */ = {isa = PBXBuildFile; fileRef = F753AE2121C49D7600D0D6BC /* LaunchScreen.storyboard */; };
/* End PBXBuildFile section */

/* Begin PBXFileReference section */
		F753AE1521C49D7500D0D6BC /* Wanpo.app */ = {isa = PBXFileReference; explicitFileType = wrapper.application; includeInIndex = 0; path = Wanpo.app; sourceTree = BUILT_PRODUCTS_DIR; };
		F753AE1821C49D7500D0D6BC /* AppDelegate.swift */ = {isa = PBXFileReference; lastKnownFileType = sourcecode.swift; path = AppDelegate.swift; sourceTree = "<group>"; };
		F753AE1A21C49D7500D0D6BC /* ViewController.swift */ = {isa = PBXFileReference; lastKnownFileType = sourcecode.swift; path = ViewController.swift; sourceTree = "<group>"; };
		F753AE1D21C49D7500D0D6BC /* Base */ = {isa = PBXFileReference; lastKnownFileType = file.storyboard; name = Base; path = Base.lproj/Main.storyboard; sourceTree = "<group>"; };
		F753AE1F21C49D7600D0D6BC /* Assets.xcassets */ = {isa = PBXFileReference; lastKnownFileType = folder.assetcatalog; path = Assets.xcassets; sourceTree = "<group>"; };
		F753AE2221C49D7600D0D6BC /* Base */ = {isa = PBXFileReference; lastKnownFileType = file.storyboard; name = Base; path = Base.lproj/LaunchScreen.storyboard; sourceTree = "<group>"; };
		F753AE2421C49D7600D0D6BC /* Info.plist */ = {isa = PBXFileReference; lastKnownFileType = text.plist.xml; path = Info.plist; sourceTree = "<group>"; };
/* End PBXFileReference section */

/* Begin PBXFrameworksBuildPhase section */
		F753AE1221C49D7500D0D6BC /* Frameworks */ = {
			isa = PBXFrameworksBuildPhase;
			buildActionMask = 2147483647;
			files = (
			);
			runOnlyForDeploymentPostprocessing = 0;
		};
/* End PBXFrameworksBuildPhase section */

/* Begin PBXGroup section */
		F753AE0C21C49D7500D0D6BC = {
			isa = PBXGroup;
			children = (
				F753AE1721C49D7500D0D6BC /* Wanpo */,
				F753AE1621C49D7500D0D6BC /* Products */,
			);
			sourceTree = "<group>";
		};
		F753AE1621C49D7500D0D6BC /* Products */ = {
			isa = PBXGroup;
			children = (
				F753AE1521C49D7500D0D6BC /* Wanpo.app */,
			);
			name = Products;
			sourceTree = "<group>";
		};
		F753AE1721C49D7500D0D6BC /* Wanpo */ = {
			isa = PBXGroup;
			children = (
				F753AE1821C49D7500D0D6BC /* AppDelegate.swift */,
				F753AE1A21C49D7500D0D6BC /* ViewController.swift */,
				F753AE1C21C49D7500D0D6BC /* Main.storyboard */,
				F753AE1F21C49D7600D0D6BC /* Assets.xcassets */,
				F753AE2121C49D7600D0D6BC /* LaunchScreen.storyboard */,
				F753AE2421C49D7600D0D6BC /* Info.plist */,
			);
			path = Wanpo;
			sourceTree = "<group>";
		};
/* End PBXGroup section */

/* Begin PBXNativeTarget section */
		F753AE1421C49D7500D0D6BC /* Wanpo */ = {
			isa = PBXNativeTarget;
			buildConfigurationList = F753AE2721C49D7600D0D6BC /* Build configuration list for PBXNativeTarget "Wanpo" */;
			buildPhases = (
				F753AE1121C49D7500D0D6BC /* Sources */,
				F753AE1221C49D7500D0D6BC /* Frameworks */,
				F753AE1321C49D7500D0D6BC /* Resources */,
			);
			buildRules = (
			);
			dependencies = (
			);
			name = Wanpo;
			productName = Wanpo;
			productReference = F753AE1521C49D7500D0D6BC /* Wanpo.app */;
			productType = "com.apple.product-type.application";
		};
/* End PBXNativeTarget section */

/* Begin PBXProject section */
		F753AE0D21C49D7500D0D6BC /* Project object */ = {
			isa = PBXProject;
			attributes = {
				LastSwiftUpdateCheck = 1010;
				LastUpgradeCheck = 1010;
				ORGANIZATIONNAME = KeiKubota;
				TargetAttributes = {
					F753AE1421C49D7500D0D6BC = {
						CreatedOnToolsVersion = 10.1;
					};
				};
			};
			buildConfigurationList = F753AE1021C49D7500D0D6BC /* Build configuration list for PBXProject "Wanpo" */;
			compatibilityVersion = "Xcode 9.3";
			developmentRegion = en;
			hasScannedForEncodings = 0;
			knownRegions = (
				en,
				Base,
			);
			mainGroup = F753AE0C21C49D7500D0D6BC;
			productRefGroup = F753AE1621C49D7500D0D6BC /* Products */;
			projectDirPath = "";
			projectRoot = "";
			targets = (
				F753AE1421C49D7500D0D6BC /* Wanpo */,
			);
		};
/* End PBXProject section */

/* Begin PBXResourcesBuildPhase section */
		F753AE1321C49D7500D0D6BC /* Resources */ = {
			isa = PBXResourcesBuildPhase;
			buildActionMask = 2147483647;
			files = (
				F753AE2321C49D7600D0D6BC /* LaunchScreen.storyboard in Resources */,
				F753AE2021C49D7600D0D6BC /* Assets.xcassets in Resources */,
				F753AE1E21C49D7500D0D6BC /* Main.storyboard in Resources */,
			);
			runOnlyForDeploymentPostprocessing = 0;
		};
/* End PBXResourcesBuildPhase section */

/* Begin PBXSourcesBuildPhase section */
		F753AE1121C49D7500D0D6BC /* Sources */ = {
			isa = PBXSourcesBuildPhase;
			buildActionMask = 2147483647;
			files = (
				F753AE1B21C49D7500D0D6BC /* ViewController.swift in Sources */,
				F753AE1921C49D7500D0D6BC /* AppDelegate.swift in Sources */,
			);
			runOnlyForDeploymentPostprocessing = 0;
		};
/* End PBXSourcesBuildPhase section */

/* Begin PBXVariantGroup section */
		F753AE1C21C49D7500D0D6BC /* Main.storyboard */ = {
			isa = PBXVariantGroup;
			children = (
				F753AE1D21C49D7500D0D6BC /* Base */,
			);
			name = Main.storyboard;
			sourceTree = "<group>";
		};
		F753AE2121C49D7600D0D6BC /* LaunchScreen.storyboard */ = {
			isa = PBXVariantGroup;
			children = (
				F753AE2221C49D7600D0D6BC /* Base */,
			);
			name = LaunchScreen.storyboard;
			sourceTree = "<group>";
		};
/* End PBXVariantGroup section */

/* Begin XCBuildConfiguration section */
		F753AE2521C49D7600D0D6BC /* Debug */ = {
			isa = XCBuildConfiguration;
			buildSettings = {
				ALWAYS_SEARCH_USER_PATHS = NO;
				CLANG_ANALYZER_NONNULL = YES;
				CLANG_ANALYZER_NUMBER_OBJECT_CONVERSION = YES_AGGRESSIVE;
				CLANG_CXX_LANGUAGE_STANDARD = "gnu++14";
				CLANG_CXX_LIBRARY = "libc++";
				CLANG_ENABLE_MODULES = YES;
				CLANG_ENABLE_OBJC_ARC = YES;
				CLANG_ENABLE_OBJC_WEAK = YES;
				CLANG_WARN_BLOCK_CAPTURE_AUTORELEASING = YES;
				CLANG_WARN_BOOL_CONVERSION = YES;
				CLANG_WARN_COMMA = YES;
				CLANG_WARN_CONSTANT_CONVERSION = YES;
				CLANG_WARN_DEPRECATED_OBJC_IMPLEMENTATIONS = YES;
				CLANG_WARN_DIRECT_OBJC_ISA_USAGE = YES_ERROR;
				CLANG_WARN_DOCUMENTATION_COMMENTS = YES;
				CLANG_WARN_EMPTY_BODY = YES;
				CLANG_WARN_ENUM_CONVERSION = YES;
				CLANG_WARN_INFINITE_RECURSION = YES;
				CLANG_WARN_INT_CONVERSION = YES;
				CLANG_WARN_NON_LITERAL_NULL_CONVERSION = YES;
				CLANG_WARN_OBJC_IMPLICIT_RETAIN_SELF = YES;
				CLANG_WARN_OBJC_LITERAL_CONVERSION = YES;
				CLANG_WARN_OBJC_ROOT_CLASS = YES_ERROR;
				CLANG_WARN_RANGE_LOOP_ANALYSIS = YES;
				CLANG_WARN_STRICT_PROTOTYPES = YES;
				CLANG_WARN_SUSPICIOUS_MOVE = YES;
				CLANG_WARN_UNGUARDED_AVAILABILITY = YES_AGGRESSIVE;
				CLANG_WARN_UNREACHABLE_CODE = YES;
				CLANG_WARN__DUPLICATE_METHOD_MATCH = YES;
				CODE_SIGN_IDENTITY = "iPhone Developer";
				COPY_PHASE_STRIP = NO;
				DEBUG_INFORMATION_FORMAT = dwarf;
				ENABLE_STRICT_OBJC_MSGSEND = YES;
				ENABLE_TESTABILITY = YES;
				GCC_C_LANGUAGE_STANDARD = gnu11;
				GCC_DYNAMIC_NO_PIC = NO;
				GCC_NO_COMMON_BLOCKS = YES;
				GCC_OPTIMIZATION_LEVEL = 0;
				GCC_PREPROCESSOR_DEFINITIONS = (
					"DEBUG=1",
					"$(inherited)",
				);
				GCC_WARN_64_TO_32_BIT_CONVERSION = YES;
				GCC_WARN_ABOUT_RETURN_TYPE = YES_ERROR;
				GCC_WARN_UNDECLARED_SELECTOR = YES;
				GCC_WARN_UNINITIALIZED_AUTOS = YES_AGGRESSIVE;
				GCC_WARN_UNUSED_FUNCTION = YES;
				GCC_WARN_UNUSED_VARIABLE = YES;
				IPHONEOS_DEPLOYMENT_TARGET = 12.1;
				MTL_ENABLE_DEBUG_INFO = INCLUDE_SOURCE;
				MTL_FAST_MATH = YES;
				ONLY_ACTIVE_ARCH = YES;
				SDKROOT = iphoneos;
				SWIFT_ACTIVE_COMPILATION_CONDITIONS = DEBUG;
				SWIFT_OPTIMIZATION_LEVEL = "-Onone";
			};
			name = Debug;
		};
		F753AE2621C49D7600D0D6BC /* Release */ = {
			isa = XCBuildConfiguration;
			buildSettings = {
				ALWAYS_SEARCH_USER_PATHS = NO;
				CLANG_ANALYZER_NONNULL = YES;
				CLANG_ANALYZER_NUMBER_OBJECT_CONVERSION = YES_AGGRESSIVE;
				CLANG_CXX_LANGUAGE_STANDARD = "gnu++14";
				CLANG_CXX_LIBRARY = "libc++";
				CLANG_ENABLE_MODULES = YES;
				CLANG_ENABLE_OBJC_ARC = YES;
				CLANG_ENABLE_OBJC_WEAK = YES;
				CLANG_WARN_BLOCK_CAPTURE_AUTORELEASING = YES;
				CLANG_WARN_BOOL_CONVERSION = YES;
				CLANG_WARN_COMMA = YES;
				CLANG_WARN_CONSTANT_CONVERSION = YES;
				CLANG_WARN_DEPRECATED_OBJC_IMPLEMENTATIONS = YES;
				CLANG_WARN_DIRECT_OBJC_ISA_USAGE = YES_ERROR;
				CLANG_WARN_DOCUMENTATION_COMMENTS = YES;
				CLANG_WARN_EMPTY_BODY = YES;
				CLANG_WARN_ENUM_CONVERSION = YES;
				CLANG_WARN_INFINITE_RECURSION = YES;
				CLANG_WARN_INT_CONVERSION = YES;
				CLANG_WARN_NON_LITERAL_NULL_CONVERSION = YES;
				CLANG_WARN_OBJC_IMPLICIT_RETAIN_SELF = YES;
				CLANG_WARN_OBJC_LITERAL_CONVERSION = YES;
				CLANG_WARN_OBJC_ROOT_CLASS = YES_ERROR;
				CLANG_WARN_RANGE_LOOP_ANALYSIS = YES;
				CLANG_WARN_STRICT_PROTOTYPES = YES;
				CLANG_WARN_SUSPICIOUS_MOVE = YES;
				CLANG_WARN_UNGUARDED_AVAILABILITY = YES_AGGRESSIVE;
				CLANG_WARN_UNREACHABLE_CODE = YES;
				CLANG_WARN__DUPLICATE_METHOD_MATCH = YES;
				CODE_SIGN_IDENTITY = "iPhone Developer";
				COPY_PHASE_STRIP = NO;
				DEBUG_INFORMATION_FORMAT = "dwarf-with-dsym";
				ENABLE_NS_ASSERTIONS = NO;
				ENABLE_STRICT_OBJC_MSGSEND = YES;
				GCC_C_LANGUAGE_STANDARD = gnu11;
				GCC_NO_COMMON_BLOCKS = YES;
				GCC_WARN_64_TO_32_BIT_CONVERSION = YES;
				GCC_WARN_ABOUT_RETURN_TYPE = YES_ERROR;
				GCC_WARN_UNDECLARED_SELECTOR = YES;
				GCC_WARN_UNINITIALIZED_AUTOS = YES_AGGRESSIVE;
				GCC_WARN_UNUSED_FUNCTION = YES;
				GCC_WARN_UNUSED_VARIABLE = YES;
				IPHONEOS_DEPLOYMENT_TARGET = 12.1;
				MTL_ENABLE_DEBUG_INFO = NO;
				MTL_FAST_MATH = YES;
				SDKROOT = iphoneos;
				SWIFT_COMPILATION_MODE = wholemodule;
				SWIFT_OPTIMIZATION_LEVEL = "-O";
				VALIDATE_PRODUCT = YES;
			};
			name = Release;
		};
		F753AE2821C49D7600D0D6BC /* Debug */ = {
			isa = XCBuildConfiguration;
			buildSettings = {
				ASSETCATALOG_COMPILER_APPICON_NAME = AppIcon;
				CODE_SIGN_STYLE = Automatic;
				DEVELOPMENT_TEAM = NFX84K34RU;
				INFOPLIST_FILE = Wanpo/Info.plist;
				LD_RUNPATH_SEARCH_PATHS = (
					"$(inherited)",
					"@executable_path/Frameworks",
				);
				PRODUCT_BUNDLE_IDENTIFIER = jp.co.keikubota.Wanpo;
				PRODUCT_NAME = "$(TARGET_NAME)";
				SWIFT_VERSION = 4.2;
				TARGETED_DEVICE_FAMILY = "1,2";
			};
			name = Debug;
		};
		F753AE2921C49D7600D0D6BC /* Release */ = {
			isa = XCBuildConfiguration;
			buildSettings = {
				ASSETCATALOG_COMPILER_APPICON_NAME = AppIcon;
				CODE_SIGN_STYLE = Automatic;
				DEVELOPMENT_TEAM = NFX84K34RU;
				INFOPLIST_FILE = Wanpo/Info.plist;
				LD_RUNPATH_SEARCH_PATHS = (
					"$(inherited)",
					"@executable_path/Frameworks",
				);
				PRODUCT_BUNDLE_IDENTIFIER = jp.co.keikubota.Wanpo;
				PRODUCT_NAME = "$(TARGET_NAME)";
				SWIFT_VERSION = 4.2;
				TARGETED_DEVICE_FAMILY = "1,2";
			};
			name = Release;
		};
/* End XCBuildConfiguration section */

/* Begin XCConfigurationList section */
		F753AE1021C49D7500D0D6BC /* Build configuration list for PBXProject "Wanpo" */ = {
			isa = XCConfigurationList;
			buildConfigurations = (
				F753AE2521C49D7600D0D6BC /* Debug */,
				F753AE2621C49D7600D0D6BC /* Release */,
			);
			defaultConfigurationIsVisible = 0;
			defaultConfigurationName = Release;
		};
		F753AE2721C49D7600D0D6BC /* Build configuration list for PBXNativeTarget "Wanpo" */ = {
			isa = XCConfigurationList;
			buildConfigurations = (
				F753AE2821C49D7600D0D6BC /* Debug */,
				F753AE2921C49D7600D0D6BC /* Release */,
			);
			defaultConfigurationIsVisible = 0;
			defaultConfigurationName = Release;
		};
/* End XCConfigurationList section */
	};
	rootObject = F753AE0D21C49D7500D0D6BC /* Project object */;
}
